github.com/hugomods/google-analytics v0.2.1 h1:591qgcVeqROhPhmI03YPiGXlb0jaIIqXDxy1HCNwD50=
github.com/hugomods/google-analytics v0.2.1/go.mod h1:Q89C3HmPHn2m2VT1INfnLwkpDyyYRLRIPitLA/aFIy8=
github.com/imfing/hextra v0.12.1 h1:3t1n0bmJbDzSTVfht93UDcfF1BXMRjeFojA071ri2l8=
github.com/imfing/hextra v0.12.1/go.mod h1:vi+yhpq8YPp/aghvJlNKVnJKcPJ/VyAEcfC1BSV9ARo=
